Microsoft Visual Studio Solution File, Format Version 12.00
# Visual Studio Version 17
VisualStudioVersion = 17.14.36310.24
MinimumVisualStudioVersion = 10.0.40219.1
Project("{FAE04EC0-301F-11D3-BF4B-00C04F79EFBC}") = "InnoClinic.Profiles.API", "InnoClinic.Profiles.API\InnoClinic.Profiles.API.csproj", "{152D0A8A-DE65-4DE2-9F63-B2F18AC45FA0}"
EndProject
Project("{2150E333-8FDC-42A3-9474-1A3956D46DE8}") = "ProfilesAPI", "ProfilesAPI", "{02EA681E-C7D8-13C7-8484-4AC65E1B71E8}"
EndProject
Project("{FAE04EC0-301F-11D3-BF4B-00C04F79EFBC}") = "InnoClinic.Profiles.Domain", "InnoClinic.Profiles.Domain\InnoClinic.Profiles.Domain.csproj", "{7030DE80-8218-4234-A288-E67DBBE34D46}"
EndProject
Project("{FAE04EC0-301F-11D3-BF4B-00C04F79EFBC}") = "InnoClinic.Profiles.Infrastructure", "InnoClinic.Profiles.Infrastructure\InnoClinic.Profiles.Infrastructure.csproj", "{BA6DBC5D-7755-4E93-A3B7-26A18CBF855D}"
EndProject
Project("{FAE04EC0-301F-11D3-BF4B-00C04F79EFBC}") = "InnoClinic.Profiles.Business", "InnoClinic.Profiles.App\InnoClinic.Profiles.Business.csproj", "{224FCDDD-D090-49E2-9960-7A4AC01E3BDC}"
EndProject
Project("{2150E333-8FDC-42A3-9474-1A3956D46DE8}") = "AuthorizationAPI", "AuthorizationAPI", "{CEEE3882-CA7D-4E5F-B4E4-1C04F524D557}"
EndProject
Project("{FAE04EC0-301F-11D3-BF4B-00C04F79EFBC}") = "InnoClinic.Authorization.API", "InnoClinic.Authorization.API\InnoClinic.Authorization.API.csproj", "{823BB49B-1B87-43D0-B443-9BE2731736C1}"
EndProject
Project("{FAE04EC0-301F-11D3-BF4B-00C04F79EFBC}") = "InnoClinic.Authorization.Business", "InnoClinic.Authorization.App\InnoClinic.Authorization.Business.csproj", "{6196EA4B-B07A-49F9-A173-C4026BF00CBC}"
EndProject
Project("{FAE04EC0-301F-11D3-BF4B-00C04F79EFBC}") = "InnoClinic.Authorization.Domain", "InnoClinic.Authorization.Domain\InnoClinic.Authorization.Domain.csproj", "{46F3A441-E865-4C88-B4BB-6A1E73727EBD}"
EndProject
Project("{FAE04EC0-301F-11D3-BF4B-00C04F79EFBC}") = "InnoClinic.Authorization.Infrastructure", "InnoClinic.Authorization.Infrastructure\InnoClinic.Authorization.Infrastructure.csproj", "{27BE034A-D585-4C24-AAB7-D5A39F242EAD}"
EndProject
Project("{2150E333-8FDC-42A3-9474-1A3956D46DE8}") = "OfficesAPI", "OfficesAPI", "{501151D8-A569-4B70-8C98-AAD6D534F45F}"
EndProject
Project("{FAE04EC0-301F-11D3-BF4B-00C04F79EFBC}") = "InnoClinic.Offices.API", "InnoClinic.Offices.API\InnoClinic.Offices.API.csproj", "{5132DB5E-3497-4710-BA14-E1576F5F5E28}"
EndProject
Project("{FAE04EC0-301F-11D3-BF4B-00C04F79EFBC}") = "InnoClinic.Offices.Domain", "InnoClinic.Offices.Domain\InnoClinic.Offices.Domain.csproj", "{2BA9A79D-1F50-4111-B897-1A191E86CCC3}"
EndProject
Project("{FAE04EC0-301F-11D3-BF4B-00C04F79EFBC}") = "InnoClinic.Offices.Infrastructure", "InnoClinic.Offices.Infrastructure\InnoClinic.Offices.Infrastructure.csproj", "{B0EF8EA0-2239-4555-8BA2-3D7C05453FAC}"
EndProject
Project("{FAE04EC0-301F-11D3-BF4B-00C04F79EFBC}") = "InnoClinic.Offices.Business", "InnoClinic.Offices.Business\InnoClinic.Offices.Business.csproj", "{1544E599-EEF1-48AA-ACCA-ECB94AC2E676}"
EndProject
Project("{2150E333-8FDC-42A3-9474-1A3956D46DE8}") = "Shared", "Shared", "{B22F33AB-2333-4D71-9C64-76C98587C2E9}"
EndProject
Project("{FAE04EC0-301F-11D3-BF4B-00C04F79EFBC}") = "InnoClinic.Shared", "InnoClinic.Shared\InnoClinic.Shared.csproj", "{5CE0A046-BC0F-4E74-BB7C-A4EDF5D69DB5}"
EndProject
Project("{FAE04EC0-301F-11D3-BF4B-00C04F79EFBC}") = "InnoClinic.Authorization.Tests", "InnoClinic.Authorization.Tests\InnoClinic.Authorization.Tests.csproj", "{36B3EF5B-E560-4465-85E9-B7459851365E}"
EndProject
Project("{2150E333-8FDC-42A3-9474-1A3956D46DE8}") = "Tests", "Tests", "{1547D8A0-E34A-484D-A96D-48952183A151}"
EndProject
Project("{FAE04EC0-301F-11D3-BF4B-00C04F79EFBC}") = "InnoClinic.Documents.API", "InnoClinic.Documents.API\InnoClinic.Documents.API.csproj", "{149E1665-17F5-4B3F-88C8-2D3DECD057D6}"
EndProject
Project("{2150E333-8FDC-42A3-9474-1A3956D46DE8}") = "DocumentsAPI", "DocumentsAPI", "{7342523A-F190-4567-A76F-706ED23F6735}"
EndProject
Project("{FAE04EC0-301F-11D3-BF4B-00C04F79EFBC}") = "InnoClinic.Documents.Infrastructure", "InnoClinic.Documents.Infrastructure\InnoClinic.Documents.Infrastructure.csproj", "{63BEDD53-3295-40E3-9355-99CA42F57FB0}"
EndProject
Project("{FAE04EC0-301F-11D3-BF4B-00C04F79EFBC}") = "InnoClinic.Documents.Business", "InnoClinic.Documents.Business\InnoClinic.Documents.Business.csproj", "{35A8E742-BD89-4E07-BCFF-87C481C19E8D}"
EndProject
Project("{FAE04EC0-301F-11D3-BF4B-00C04F79EFBC}") = "InnoClinic.Documents.Domain", "InnoClinic.Documents.Domain\InnoClinic.Documents.Domain.csproj", "{5ADB20FD-D052-45CB-A5E6-1EBB38150CFF}"
EndProject
Global
	GlobalSection(SolutionConfigurationPlatforms) = preSolution
		Debug|Any CPU = Debug|Any CPU
		Release|Any CPU = Release|Any CPU
	EndGlobalSection
	GlobalSection(ProjectConfigurationPlatforms) = postSolution
		{152D0A8A-DE65-4DE2-9F63-B2F18AC45FA0}.Debug|Any CPU.ActiveCfg = Debug|Any CPU
		{152D0A8A-DE65-4DE2-9F63-B2F18AC45FA0}.Debug|Any CPU.Build.0 = Debug|Any CPU
		{152D0A8A-DE65-4DE2-9F63-B2F18AC45FA0}.Release|Any CPU.ActiveCfg = Release|Any CPU
		{152D0A8A-DE65-4DE2-9F63-B2F18AC45FA0}.Release|Any CPU.Build.0 = Release|Any CPU
		{7030DE80-8218-4234-A288-E67DBBE34D46}.Debug|Any CPU.ActiveCfg = Debug|Any CPU
		{7030DE80-8218-4234-A288-E67DBBE34D46}.Debug|Any CPU.Build.0 = Debug|Any CPU
		{7030DE80-8218-4234-A288-E67DBBE34D46}.Release|Any CPU.ActiveCfg = Release|Any CPU
		{7030DE80-8218-4234-A288-E67DBBE34D46}.Release|Any CPU.Build.0 = Release|Any CPU
		{BA6DBC5D-7755-4E93-A3B7-26A18CBF855D}.Debug|Any CPU.ActiveCfg = Debug|Any CPU
		{BA6DBC5D-7755-4E93-A3B7-26A18CBF855D}.Debug|Any CPU.Build.0 = Debug|Any CPU
		{BA6DBC5D-7755-4E93-A3B7-26A18CBF855D}.Release|Any CPU.ActiveCfg = Release|Any CPU
		{BA6DBC5D-7755-4E93-A3B7-26A18CBF855D}.Release|Any CPU.Build.0 = Release|Any CPU
		{224FCDDD-D090-49E2-9960-7A4AC01E3BDC}.Debug|Any CPU.ActiveCfg = Debug|Any CPU
		{224FCDDD-D090-49E2-9960-7A4AC01E3BDC}.Debug|Any CPU.Build.0 = Debug|Any CPU
		{224FCDDD-D090-49E2-9960-7A4AC01E3BDC}.Release|Any CPU.ActiveCfg = Release|Any CPU
		{224FCDDD-D090-49E2-9960-7A4AC01E3BDC}.Release|Any CPU.Build.0 = Release|Any CPU
		{823BB49B-1B87-43D0-B443-9BE2731736C1}.Debug|Any CPU.ActiveCfg = Debug|Any CPU
		{823BB49B-1B87-43D0-B443-9BE2731736C1}.Debug|Any CPU.Build.0 = Debug|Any CPU
		{823BB49B-1B87-43D0-B443-9BE2731736C1}.Release|Any CPU.ActiveCfg = Release|Any CPU
		{823BB49B-1B87-43D0-B443-9BE2731736C1}.Release|Any CPU.Build.0 = Release|Any CPU
		{6196EA4B-B07A-49F9-A173-C4026BF00CBC}.Debug|Any CPU.ActiveCfg = Debug|Any CPU
		{6196EA4B-B07A-49F9-A173-C4026BF00CBC}.Debug|Any CPU.Build.0 = Debug|Any CPU
		{6196EA4B-B07A-49F9-A173-C4026BF00CBC}.Release|Any CPU.ActiveCfg = Release|Any CPU
		{6196EA4B-B07A-49F9-A173-C4026BF00CBC}.Release|Any CPU.Build.0 = Release|Any CPU
		{46F3A441-E865-4C88-B4BB-6A1E73727EBD}.Debug|Any CPU.ActiveCfg = Debug|Any CPU
		{46F3A441-E865-4C88-B4BB-6A1E73727EBD}.Debug|Any CPU.Build.0 = Debug|Any CPU
		{46F3A441-E865-4C88-B4BB-6A1E73727EBD}.Release|Any CPU.ActiveCfg = Release|Any CPU
		{46F3A441-E865-4C88-B4BB-6A1E73727EBD}.Release|Any CPU.Build.0 = Release|Any CPU
		{27BE034A-D585-4C24-AAB7-D5A39F242EAD}.Debug|Any CPU.ActiveCfg = Debug|Any CPU
		{27BE034A-D585-4C24-AAB7-D5A39F242EAD}.Debug|Any CPU.Build.0 = Debug|Any CPU
		{27BE034A-D585-4C24-AAB7-D5A39F242EAD}.Release|Any CPU.ActiveCfg = Release|Any CPU
		{27BE034A-D585-4C24-AAB7-D5A39F242EAD}.Release|Any CPU.Build.0 = Release|Any CPU
		{5132DB5E-3497-4710-BA14-E1576F5F5E28}.Debug|Any CPU.ActiveCfg = Debug|Any CPU
		{5132DB5E-3497-4710-BA14-E1576F5F5E28}.Debug|Any CPU.Build.0 = Debug|Any CPU
		{5132DB5E-3497-4710-BA14-E1576F5F5E28}.Release|Any CPU.ActiveCfg = Release|Any CPU
		{5132DB5E-3497-4710-BA14-E1576F5F5E28}.Release|Any CPU.Build.0 = Release|Any CPU
		{2BA9A79D-1F50-4111-B897-1A191E86CCC3}.Debug|Any CPU.ActiveCfg = Debug|Any CPU
		{2BA9A79D-1F50-4111-B897-1A191E86CCC3}.Debug|Any CPU.Build.0 = Debug|Any CPU
		{2BA9A79D-1F50-4111-B897-1A191E86CCC3}.Release|Any CPU.ActiveCfg = Release|Any CPU
		{2BA9A79D-1F50-4111-B897-1A191E86CCC3}.Release|Any CPU.Build.0 = Release|Any CPU
		{B0EF8EA0-2239-4555-8BA2-3D7C05453FAC}.Debug|Any CPU.ActiveCfg = Debug|Any CPU
		{B0EF8EA0-2239-4555-8BA2-3D7C05453FAC}.Debug|Any CPU.Build.0 = Debug|Any CPU
		{B0EF8EA0-2239-4555-8BA2-3D7C05453FAC}.Release|Any CPU.ActiveCfg = Release|Any CPU
		{B0EF8EA0-2239-4555-8BA2-3D7C05453FAC}.Release|Any CPU.Build.0 = Release|Any CPU
		{1544E599-EEF1-48AA-ACCA-ECB94AC2E676}.Debug|Any CPU.ActiveCfg = Debug|Any CPU
		{1544E599-EEF1-48AA-ACCA-ECB94AC2E676}.Debug|Any CPU.Build.0 = Debug|Any CPU
		{1544E599-EEF1-48AA-ACCA-ECB94AC2E676}.Release|Any CPU.ActiveCfg = Release|Any CPU
		{1544E599-EEF1-48AA-ACCA-ECB94AC2E676}.Release|Any CPU.Build.0 = Release|Any CPU
		{5CE0A046-BC0F-4E74-BB7C-A4EDF5D69DB5}.Debug|Any CPU.ActiveCfg = Debug|Any CPU
		{5CE0A046-BC0F-4E74-BB7C-A4EDF5D69DB5}.Debug|Any CPU.Build.0 = Debug|Any CPU
		{5CE0A046-BC0F-4E74-BB7C-A4EDF5D69DB5}.Release|Any CPU.ActiveCfg = Release|Any CPU
		{5CE0A046-BC0F-4E74-BB7C-A4EDF5D69DB5}.Release|Any CPU.Build.0 = Release|Any CPU
		{36B3EF5B-E560-4465-85E9-B7459851365E}.Debug|Any CPU.ActiveCfg = Debug|Any CPU
		{36B3EF5B-E560-4465-85E9-B7459851365E}.Debug|Any CPU.Build.0 = Debug|Any CPU
		{36B3EF5B-E560-4465-85E9-B7459851365E}.Release|Any CPU.ActiveCfg = Release|Any CPU
		{36B3EF5B-E560-4465-85E9-B7459851365E}.Release|Any CPU.Build.0 = Release|Any CPU
		{149E1665-17F5-4B3F-88C8-2D3DECD057D6}.Debug|Any CPU.ActiveCfg = Debug|Any CPU
		{149E1665-17F5-4B3F-88C8-2D3DECD057D6}.Debug|Any CPU.Build.0 = Debug|Any CPU
		{149E1665-17F5-4B3F-88C8-2D3DECD057D6}.Release|Any CPU.ActiveCfg = Release|Any CPU
		{149E1665-17F5-4B3F-88C8-2D3DECD057D6}.Release|Any CPU.Build.0 = Release|Any CPU
		{63BEDD53-3295-40E3-9355-99CA42F57FB0}.Debug|Any CPU.ActiveCfg = Debug|Any CPU
		{63BEDD53-3295-40E3-9355-99CA42F57FB0}.Debug|Any CPU.Build.0 = Debug|Any CPU
		{63BEDD53-3295-40E3-9355-99CA42F57FB0}.Release|Any CPU.ActiveCfg = Release|Any CPU
		{63BEDD53-3295-40E3-9355-99CA42F57FB0}.Release|Any CPU.Build.0 = Release|Any CPU
		{35A8E742-BD89-4E07-BCFF-87C481C19E8D}.Debug|Any CPU.ActiveCfg = Debug|Any CPU
		{35A8E742-BD89-4E07-BCFF-87C481C19E8D}.Debug|Any CPU.Build.0 = Debug|Any CPU
		{35A8E742-BD89-4E07-BCFF-87C481C19E8D}.Release|Any CPU.ActiveCfg = Release|Any CPU
		{35A8E742-BD89-4E07-BCFF-87C481C19E8D}.Release|Any CPU.Build.0 = Release|Any CPU
		{5ADB20FD-D052-45CB-A5E6-1EBB38150CFF}.Debug|Any CPU.ActiveCfg = Debug|Any CPU
		{5ADB20FD-D052-45CB-A5E6-1EBB38150CFF}.Debug|Any CPU.Build.0 = Debug|Any CPU
		{5ADB20FD-D052-45CB-A5E6-1EBB38150CFF}.Release|Any CPU.ActiveCfg = Release|Any CPU
		{5ADB20FD-D052-45CB-A5E6-1EBB38150CFF}.Release|Any CPU.Build.0 = Release|Any CPU
	EndGlobalSection
	GlobalSection(SolutionProperties) = preSolution
		HideSolutionNode = FALSE
	EndGlobalSection
	GlobalSection(NestedProjects) = preSolution
		{152D0A8A-DE65-4DE2-9F63-B2F18AC45FA0} = {02EA681E-C7D8-13C7-8484-4AC65E1B71E8}
		{7030DE80-8218-4234-A288-E67DBBE34D46} = {02EA681E-C7D8-13C7-8484-4AC65E1B71E8}
		{BA6DBC5D-7755-4E93-A3B7-26A18CBF855D} = {02EA681E-C7D8-13C7-8484-4AC65E1B71E8}
		{224FCDDD-D090-49E2-9960-7A4AC01E3BDC} = {02EA681E-C7D8-13C7-8484-4AC65E1B71E8}
		{823BB49B-1B87-43D0-B443-9BE2731736C1} = {CEEE3882-CA7D-4E5F-B4E4-1C04F524D557}
		{6196EA4B-B07A-49F9-A173-C4026BF00CBC} = {CEEE3882-CA7D-4E5F-B4E4-1C04F524D557}
		{46F3A441-E865-4C88-B4BB-6A1E73727EBD} = {CEEE3882-CA7D-4E5F-B4E4-1C04F524D557}
		{27BE034A-D585-4C24-AAB7-D5A39F242EAD} = {CEEE3882-CA7D-4E5F-B4E4-1C04F524D557}
		{5132DB5E-3497-4710-BA14-E1576F5F5E28} = {501151D8-A569-4B70-8C98-AAD6D534F45F}
		{2BA9A79D-1F50-4111-B897-1A191E86CCC3} = {501151D8-A569-4B70-8C98-AAD6D534F45F}
		{B0EF8EA0-2239-4555-8BA2-3D7C05453FAC} = {501151D8-A569-4B70-8C98-AAD6D534F45F}
		{1544E599-EEF1-48AA-ACCA-ECB94AC2E676} = {501151D8-A569-4B70-8C98-AAD6D534F45F}
		{5CE0A046-BC0F-4E74-BB7C-A4EDF5D69DB5} = {B22F33AB-2333-4D71-9C64-76C98587C2E9}
		{36B3EF5B-E560-4465-85E9-B7459851365E} = {1547D8A0-E34A-484D-A96D-48952183A151}
		{149E1665-17F5-4B3F-88C8-2D3DECD057D6} = {7342523A-F190-4567-A76F-706ED23F6735}
		{63BEDD53-3295-40E3-9355-99CA42F57FB0} = {7342523A-F190-4567-A76F-706ED23F6735}
		{35A8E742-BD89-4E07-BCFF-87C481C19E8D} = {7342523A-F190-4567-A76F-706ED23F6735}
		{5ADB20FD-D052-45CB-A5E6-1EBB38150CFF} = {7342523A-F190-4567-A76F-706ED23F6735}
	EndGlobalSection
	GlobalSection(ExtensibilityGlobals) = postSolution
		SolutionGuid = {65470075-91E2-407E-9653-D159956140FB}
	EndGlobalSection
EndGlobal
